# This file was autogenerated by Stack.
# You should not edit this file by hand.
# For more information, please see the documentation at:
#   https://docs.haskellstack.org/en/stable/lock_files

packages:
- completed:
    name: GDirections
    pantry-tree:
      sha256: 677f15d0ad5c84c2717124ecd1e98acf9e0b0f8638eac24c95b21cb485e118b6
      size: 409
    sha256: 6670a4f7f6bdb09d2028bd723dc3f40ad3614ac2c36f9b21b0cb5acbee89a549
    size: 4608
    url: https://hackage.haskell.org/package/GDirections-0.1.1.0/candidate/GDirections-0.1.1.0.tar.gz
    version: 0.1.1.0
  original:
    url: https://hackage.haskell.org/package/GDirections-0.1.1.0/candidate/GDirections-0.1.1.0.tar.gz
snapshots:
- completed:
    sha256: a684cdbdf9304b325a503e0fe1d9648e9c18155ce4c7cfebbe8a7f93674e6295
    size: 649106
    url: https://raw.githubusercontent.com/commercialhaskell/stackage-snapshots/master/lts/20/5.yaml
  original:
    url: https://raw.githubusercontent.com/commercialhaskell/stackage-snapshots/master/lts/20/5.yaml
